// !$*UTF8*$!
{
	archiveVersion = 1;
	classes = {
	};
	objectVersion = 56;
	objects = {

/* Begin PBXBuildFile section */
		4FFDC43B2CCAB30C007AB026 /* AppDelegate.swift in Sources */ = {isa = PBXBuildFile; fileRef = 4FFDC43A2CCAB30C007AB026 /* AppDelegate.swift */; };
		4FFDC4462CCAB30C007AB026 /* Base in Resources */ = {isa = PBXBuildFile; fileRef = 4FFDC4452CCAB30C007AB026 /* Base */; };
		4FFDC4482CCAB30E007AB026 /* Assets.xcassets in Resources */ = {isa = PBXBuildFile; fileRef = 4FFDC4472CCAB30E007AB026 /* Assets.xcassets */; };
		4FFDC44B2CCAB30E007AB026 /* Base in Resources */ = {isa = PBXBuildFile; fileRef = 4FFDC44A2CCAB30E007AB026 /* Base */; };
		4FFDC4602CCAB3D0007AB026 /* SettingsComponentNode.swift in Sources */ = {isa = PBXBuildFile; fileRef = 4FFDC4522CCAB3CF007AB026 /* SettingsComponentNode.swift */; };
		4FFDC4612CCAB3D0007AB026 /* JumpScene.swift in Sources */ = {isa = PBXBuildFile; fileRef = 4FFDC4532CCAB3CF007AB026 /* JumpScene.swift */; };
		4FFDC4622CCAB3D0007AB026 /* MenuScene.swift in Sources */ = {isa = PBXBuildFile; fileRef = 4FFDC4542CCAB3CF007AB026 /* MenuScene.swift */; };
		4FFDC4642CCAB3D0007AB026 /* GravityScene.swift in Sources */ = {isa = PBXBuildFile; fileRef = 4FFDC4562CCAB3D0007AB026 /* GravityScene.swift */; };
		4FFDC4652CCAB3D0007AB026 /* NumberPickerNode.swift in Sources */ = {isa = PBXBuildFile; fileRef = 4FFDC4572CCAB3D0007AB026 /* NumberPickerNode.swift */; };
		4FFDC4662CCAB3D0007AB026 /* SpotScene.swift in Sources */ = {isa = PBXBuildFile; fileRef = 4FFDC4582CCAB3D0007AB026 /* SpotScene.swift */; };
		4FFDC4672CCAB3D0007AB026 /* RunScene.swift in Sources */ = {isa = PBXBuildFile; fileRef = 4FFDC4592CCAB3D0007AB026 /* RunScene.swift */; };
		4FFDC4682CCAB3D0007AB026 /* StatsDisplayNode.swift in Sources */ = {isa = PBXBuildFile; fileRef = 4FFDC45A2CCAB3D0007AB026 /* StatsDisplayNode.swift */; };
		4FFDC4692CCAB3D0007AB026 /* CustomGameSettingNode.swift in Sources */ = {isa = PBXBuildFile; fileRef = 4FFDC45B2CCAB3D0007AB026 /* CustomGameSettingNode.swift */; };
		4FFDC46A2CCAB3D0007AB026 /* GameViewController.swift in Sources */ = {isa = PBXBuildFile; fileRef = 4FFDC45C2CCAB3D0007AB026 /* GameViewController.swift */; };
		4FFDC46C2CCAB3D0007AB026 /* Manager.swift in Sources */ = {isa = PBXBuildFile; fileRef = 4FFDC45E2CCAB3D0007AB026 /* Manager.swift */; };
		4FFDC46E2CCAB3E7007AB026 /* Explosion.sks in Resources */ = {isa = PBXBuildFile; fileRef = 4FFDC46D2CCAB3E6007AB026 /* Explosion.sks */; };
		4FFDC4702CCAB660007AB026 /* Baloo-Regular.ttf in Resources */ = {isa = PBXBuildFile; fileRef = 4FFDC46F2CCAB660007AB026 /* Baloo-Regular.ttf */; };
		4FFDC4742CCABF2C007AB026 /* CustomButtonNode.swift in Sources */ = {isa = PBXBuildFile; fileRef = 4FFDC4732CCABF2C007AB026 /* CustomButtonNode.swift */; };
		4FFDC4762CCB9EA0007AB026 /* MyParticle.sks in Resources */ = {isa = PBXBuildFile; fileRef = 4FFDC4752CCB9EA0007AB026 /* MyParticle.sks */; };
		4FFDC4782CCCF451007AB026 /* Ball.swift in Sources */ = {isa = PBXBuildFile; fileRef = 4FFDC4772CCCF451007AB026 /* Ball.swift */; };
		4FFDC47E2CCE0FAC007AB026 /* GameOverScene.swift in Sources */ = {isa = PBXBuildFile; fileRef = 4FFDC47D2CCE0FAC007AB026 /* GameOverScene.swift */; };
/* End PBXBuildFile section */

/* Begin PBXFileReference section */
		4FFDC4372CCAB30C007AB026 /* TiltsiTapsi.app */ = {isa = PBXFileReference; explicitFileType = wrapper.application; includeInIndex = 0; path = TiltsiTapsi.app; sourceTree = BUILT_PRODUCTS_DIR; };
		4FFDC43A2CCAB30C007AB026 /* AppDelegate.swift */ = {isa = PBXFileReference; lastKnownFileType = sourcecode.swift; path = AppDelegate.swift; sourceTree = "<group>"; };
		4FFDC4452CCAB30C007AB026 /* Base */ = {isa = PBXFileReference; lastKnownFileType = file.storyboard; name = Base; path = Base.lproj/Main.storyboard; sourceTree = "<group>"; };
		4FFDC4472CCAB30E007AB026 /* Assets.xcassets */ = {isa = PBXFileReference; lastKnownFileType = folder.assetcatalog; path = Assets.xcassets; sourceTree = "<group>"; };
		4FFDC44A2CCAB30E007AB026 /* Base */ = {isa = PBXFileReference; lastKnownFileType = file.storyboard; name = Base; path = Base.lproj/LaunchScreen.storyboard; sourceTree = "<group>"; };
		4FFDC4522CCAB3CF007AB026 /* SettingsComponentNode.swift */ = {isa = PBXFileReference; fileEncoding = 4; lastKnownFileType = sourcecode.swift; path = SettingsComponentNode.swift; sourceTree = "<group>"; };
		4FFDC4532CCAB3CF007AB026 /* JumpScene.swift */ = {isa = PBXFileReference; fileEncoding = 4; lastKnownFileType = sourcecode.swift; path = JumpScene.swift; sourceTree = "<group>"; };
		4FFDC4542CCAB3CF007AB026 /* MenuScene.swift */ = {isa = PBXFileReference; fileEncoding = 4; lastKnownFileType = sourcecode.swift; path = MenuScene.swift; sourceTree = "<group>"; };
		4FFDC4562CCAB3D0007AB026 /* GravityScene.swift */ = {isa = PBXFileReference; fileEncoding = 4; lastKnownFileType = sourcecode.swift; path = GravityScene.swift; sourceTree = "<group>"; };
		4FFDC4572CCAB3D0007AB026 /* NumberPickerNode.swift */ = {isa = PBXFileReference; fileEncoding = 4; lastKnownFileType = sourcecode.swift; path = NumberPickerNode.swift; sourceTree = "<group>"; };
		4FFDC4582CCAB3D0007AB026 /* SpotScene.swift */ = {isa = PBXFileReference; fileEncoding = 4; lastKnownFileType = sourcecode.swift; path = SpotScene.swift; sourceTree = "<group>"; };
		4FFDC4592CCAB3D0007AB026 /* RunScene.swift */ = {isa = PBXFileReference; fileEncoding = 4; lastKnownFileType = sourcecode.swift; path = RunScene.swift; sourceTree = "<group>"; };
		4FFDC45A2CCAB3D0007AB026 /* StatsDisplayNode.swift */ = {isa = PBXFileReference; fileEncoding = 4; lastKnownFileType = sourcecode.swift; path = StatsDisplayNode.swift; sourceTree = "<group>"; };
		4FFDC45B2CCAB3D0007AB026 /* CustomGameSettingNode.swift */ = {isa = PBXFileReference; fileEncoding = 4; lastKnownFileType = sourcecode.swift; path = CustomGameSettingNode.swift; sourceTree = "<group>"; };
		4FFDC45C2CCAB3D0007AB026 /* GameViewController.swift */ = {isa = PBXFileReference; fileEncoding = 4; lastKnownFileType = sourcecode.swift; name = GameViewController.swift; path = "../../../Documents/GitHub/pInk-superBall/game/GameViewController.swift"; sourceTree = "<group>"; };
		4FFDC45E2CCAB3D0007AB026 /* Manager.swift */ = {isa = PBXFileReference; fileEncoding = 4; lastKnownFileType = sourcecode.swift; path = Manager.swift; sourceTree = "<group>"; };
		4FFDC46D2CCAB3E6007AB026 /* Explosion.sks */ = {isa = PBXFileReference; lastKnownFileType = file.sks; path = Explosion.sks; sourceTree = "<group>"; };
		4FFDC46F2CCAB660007AB026 /* Baloo-Regular.ttf */ = {isa = PBXFileReference; lastKnownFileType = file; path = "Baloo-Regular.ttf"; sourceTree = "<group>"; };
		4FFDC4712CCAB68D007AB026 /* TiltsiTapsi.entitlements */ = {isa = PBXFileReference; lastKnownFileType = text.plist.entitlements; path = TiltsiTapsi.entitlements; sourceTree = "<group>"; };
		4FFDC4722CCAB6F3007AB026 /* Info.plist */ = {isa = PBXFileReference; lastKnownFileType = text.plist; path = Info.plist; sourceTree = "<group>"; };
		4FFDC4732CCABF2C007AB026 /* CustomButtonNode.swift */ = {isa = PBXFileReference; lastKnownFileType = sourcecode.swift; path = CustomButtonNode.swift; sourceTree = "<group>"; };
		4FFDC4752CCB9EA0007AB026 /* MyParticle.sks */ = {isa = PBXFileReference; lastKnownFileType = file.sks; path = MyParticle.sks; sourceTree = "<group>"; };
		4FFDC4772CCCF451007AB026 /* Ball.swift */ = {isa = PBXFileReference; lastKnownFileType = sourcecode.swift; path = Ball.swift; sourceTree = "<group>"; };
		4FFDC47D2CCE0FAC007AB026 /* GameOverScene.swift */ = {isa = PBXFileReference; lastKnownFileType = sourcecode.swift; path = GameOverScene.swift; sourceTree = "<group>"; };
/* End PBXFileReference section */

/* Begin PBXFrameworksBuildPhase section */
		4FFDC4342CCAB30C007AB026 /* Frameworks */ = {
			isa = PBXFrameworksBuildPhase;
			buildActionMask = 2147483647;
			files = (
			);
			runOnlyForDeploymentPostprocessing = 0;
		};
/* End PBXFrameworksBuildPhase section */

/* Begin PBXGroup section */
		4FFDC42E2CCAB30C007AB026 = {
			isa = PBXGroup;
			children = (
				4FFDC4392CCAB30C007AB026 /* TiltsiTapsi */,
				4FFDC4382CCAB30C007AB026 /* Products */,
			);
			sourceTree = "<group>";
		};
		4FFDC4382CCAB30C007AB026 /* Products */ = {
			isa = PBXGroup;
			children = (
				4FFDC4372CCAB30C007AB026 /* TiltsiTapsi.app */,
			);
			name = Products;
			sourceTree = "<group>";
		};
		4FFDC4392CCAB30C007AB026 /* TiltsiTapsi */ = {
			isa = PBXGroup;
			children = (
				4FFDC4722CCAB6F3007AB026 /* Info.plist */,
				4FFDC43A2CCAB30C007AB026 /* AppDelegate.swift */,
				4FFDC4712CCAB68D007AB026 /* TiltsiTapsi.entitlements */,
				4FFDC4532CCAB3CF007AB026 /* JumpScene.swift */,
				4FFDC4562CCAB3D0007AB026 /* GravityScene.swift */,
				4FFDC4582CCAB3D0007AB026 /* SpotScene.swift */,
				4FFDC4592CCAB3D0007AB026 /* RunScene.swift */,
				4FFDC46D2CCAB3E6007AB026 /* Explosion.sks */,
				4FFDC45C2CCAB3D0007AB026 /* GameViewController.swift */,
				4FFDC45E2CCAB3D0007AB026 /* Manager.swift */,
				4FFDC4752CCB9EA0007AB026 /* MyParticle.sks */,
				4FFDC4542CCAB3CF007AB026 /* MenuScene.swift */,
				4FFDC47D2CCE0FAC007AB026 /* GameOverScene.swift */,
				4FFDC4772CCCF451007AB026 /* Ball.swift */,
				4FFDC45B2CCAB3D0007AB026 /* CustomGameSettingNode.swift */,
				4FFDC4522CCAB3CF007AB026 /* SettingsComponentNode.swift */,
				4FFDC45A2CCAB3D0007AB026 /* StatsDisplayNode.swift */,
				4FFDC46F2CCAB660007AB026 /* Baloo-Regular.ttf */,
				4FFDC4442CCAB30C007AB026 /* Main.storyboard */,
				4FFDC4472CCAB30E007AB026 /* Assets.xcassets */,
				4FFDC4492CCAB30E007AB026 /* LaunchScreen.storyboard */,
				4FFDC4732CCABF2C007AB026 /* CustomButtonNode.swift */,
				4FFDC4572CCAB3D0007AB026 /* NumberPickerNode.swift */,
			);
			path = TiltsiTapsi;
			sourceTree = "<group>";
		};
/* End PBXGroup section */

/* Begin PBXNativeTarget section */
		4FFDC4362CCAB30C007AB026 /* TiltsiTapsi */ = {
			isa = PBXNativeTarget;
			buildConfigurationList = 4FFDC44E2CCAB30E007AB026 /* Build configuration list for PBXNativeTarget "TiltsiTapsi" */;
			buildPhases = (
				4FFDC4332CCAB30C007AB026 /* Sources */,
				4FFDC4342CCAB30C007AB026 /* Frameworks */,
				4FFDC4352CCAB30C007AB026 /* Resources */,
			);
			buildRules = (
			);
			dependencies = (
			);
			name = TiltsiTapsi;
			productName = TiltsiTapsi;
			productReference = 4FFDC4372CCAB30C007AB026 /* TiltsiTapsi.app */;
			productType = "com.apple.product-type.application";
		};
/* End PBXNativeTarget section */

/* Begin PBXProject section */
		4FFDC42F2CCAB30C007AB026 /* Project object */ = {
			isa = PBXProject;
			attributes = {
				BuildIndependentTargetsInParallel = 1;
				LastSwiftUpdateCheck = 1530;
				LastUpgradeCheck = 1530;
				TargetAttributes = {
					4FFDC4362CCAB30C007AB026 = {
						CreatedOnToolsVersion = 15.3;
					};
				};
			};
			buildConfigurationList = 4FFDC4322CCAB30C007AB026 /* Build configuration list for PBXProject "TiltsiTapsi" */;
			compatibilityVersion = "Xcode 14.0";
			developmentRegion = en;
			hasScannedForEncodings = 0;
			knownRegions = (
				en,
				Base,
			);
			mainGroup = 4FFDC42E2CCAB30C007AB026;
			productRefGroup = 4FFDC4382CCAB30C007AB026 /* Products */;
			projectDirPath = "";
			projectRoot = "";
			targets = (
				4FFDC4362CCAB30C007AB026 /* TiltsiTapsi */,
			);
		};
/* End PBXProject section */

/* Begin PBXResourcesBuildPhase section */
		4FFDC4352CCAB30C007AB026 /* Resources */ = {
			isa = PBXResourcesBuildPhase;
			buildActionMask = 2147483647;
			files = (
				4FFDC4702CCAB660007AB026 /* Baloo-Regular.ttf in Resources */,
				4FFDC4762CCB9EA0007AB026 /* MyParticle.sks in Resources */,
				4FFDC4462CCAB30C007AB026 /* Base in Resources */,
				4FFDC46E2CCAB3E7007AB026 /* Explosion.sks in Resources */,
				4FFDC4482CCAB30E007AB026 /* Assets.xcassets in Resources */,
				4FFDC44B2CCAB30E007AB026 /* Base in Resources */,
			);
			runOnlyForDeploymentPostprocessing = 0;
		};
/* End PBXResourcesBuildPhase section */

/* Begin PBXSourcesBuildPhase section */
		4FFDC4332CCAB30C007AB026 /* Sources */ = {
			isa = PBXSourcesBuildPhase;
			buildActionMask = 2147483647;
			files = (
				4FFDC4782CCCF451007AB026 /* Ball.swift in Sources */,
				4FFDC4742CCABF2C007AB026 /* CustomButtonNode.swift in Sources */,
				4FFDC47E2CCE0FAC007AB026 /* GameOverScene.swift in Sources */,
				4FFDC46A2CCAB3D0007AB026 /* GameViewController.swift in Sources */,
				4FFDC4692CCAB3D0007AB026 /* CustomGameSettingNode.swift in Sources */,
				4FFDC46C2CCAB3D0007AB026 /* Manager.swift in Sources */,
				4FFDC4642CCAB3D0007AB026 /* GravityScene.swift in Sources */,
				4FFDC4672CCAB3D0007AB026 /* RunScene.swift in Sources */,
				4FFDC4682CCAB3D0007AB026 /* StatsDisplayNode.swift in Sources */,
				4FFDC4602CCAB3D0007AB026 /* SettingsComponentNode.swift in Sources */,
				4FFDC4622CCAB3D0007AB026 /* MenuScene.swift in Sources */,
				4FFDC4662CCAB3D0007AB026 /* SpotScene.swift in Sources */,
				4FFDC43B2CCAB30C007AB026 /* AppDelegate.swift in Sources */,
				4FFDC4612CCAB3D0007AB026 /* JumpScene.swift in Sources */,
				4FFDC4652CCAB3D0007AB026 /* NumberPickerNode.swift in Sources */,
			);
			runOnlyForDeploymentPostprocessing = 0;
		};
/* End PBXSourcesBuildPhase section */

/* Begin PBXVariantGroup section */
		4FFDC4442CCAB30C007AB026 /* Main.storyboard */ = {
			isa = PBXVariantGroup;
			children = (
				4FFDC4452CCAB30C007AB026 /* Base */,
			);
			name = Main.storyboard;
			sourceTree = "<group>";
		};
		4FFDC4492CCAB30E007AB026 /* LaunchScreen.storyboard */ = {
			isa = PBXVariantGroup;
			children = (
				4FFDC44A2CCAB30E007AB026 /* Base */,
			);
			name = LaunchScreen.storyboard;
			sourceTree = "<group>";
		};
/* End PBXVariantGroup section */

/* Begin XCBuildConfiguration section */
		4FFDC44C2CCAB30E007AB026 /* Debug */ = {
			isa = XCBuildConfiguration;
			buildSettings = {
				ALWAYS_SEARCH_USER_PATHS = NO;
				ASSETCATALOG_COMPILER_GENERATE_SWIFT_ASSET_SYMBOL_EXTENSIONS = YES;
				CLANG_ANALYZER_NONNULL = YES;
				CLANG_ANALYZER_NUMBER_OBJECT_CONVERSION = YES_AGGRESSIVE;
				CLANG_CXX_LANGUAGE_STANDARD = "gnu++20";
				CLANG_ENABLE_MODULES = YES;
				CLANG_ENABLE_OBJC_ARC = YES;
				CLANG_ENABLE_OBJC_WEAK = YES;
				CLANG_WARN_BLOCK_CAPTURE_AUTORELEASING = YES;
				CLANG_WARN_BOOL_CONVERSION = YES;
				CLANG_WARN_COMMA = YES;
				CLANG_WARN_CONSTANT_CONVERSION = YES;
				CLANG_WARN_DEPRECATED_OBJC_IMPLEMENTATIONS = YES;
				CLANG_WARN_DIRECT_OBJC_ISA_USAGE = YES_ERROR;
				CLANG_WARN_DOCUMENTATION_COMMENTS = YES;
				CLANG_WARN_EMPTY_BODY = YES;
				CLANG_WARN_ENUM_CONVERSION = YES;
				CLANG_WARN_INFINITE_RECURSION = YES;
				CLANG_WARN_INT_CONVERSION = YES;
				CLANG_WARN_NON_LITERAL_NULL_CONVERSION = YES;
				CLANG_WARN_OBJC_IMPLICIT_RETAIN_SELF = YES;
				CLANG_WARN_OBJC_LITERAL_CONVERSION = YES;
				CLANG_WARN_OBJC_ROOT_CLASS = YES_ERROR;
				CLANG_WARN_QUOTED_INCLUDE_IN_FRAMEWORK_HEADER = YES;
				CLANG_WARN_RANGE_LOOP_ANALYSIS = YES;
				CLANG_WARN_STRICT_PROTOTYPES = YES;
				CLANG_WARN_SUSPICIOUS_MOVE = YES;
				CLANG_WARN_UNGUARDED_AVAILABILITY = YES_AGGRESSIVE;
				CLANG_WARN_UNREACHABLE_CODE = YES;
				CLANG_WARN__DUPLICATE_METHOD_MATCH = YES;
				COPY_PHASE_STRIP = NO;
				DEBUG_INFORMATION_FORMAT = dwarf;
				ENABLE_STRICT_OBJC_MSGSEND = YES;
				ENABLE_TESTABILITY = YES;
				ENABLE_USER_SCRIPT_SANDBOXING = YES;
				GCC_C_LANGUAGE_STANDARD = gnu17;
				GCC_DYNAMIC_NO_PIC = NO;
				GCC_NO_COMMON_BLOCKS = YES;
				GCC_OPTIMIZATION_LEVEL = 0;
				GCC_PREPROCESSOR_DEFINITIONS = (
					"DEBUG=1",
					"$(inherited)",
				);
				GCC_WARN_64_TO_32_BIT_CONVERSION = YES;
				GCC_WARN_ABOUT_RETURN_TYPE = YES_ERROR;
				GCC_WARN_UNDECLARED_SELECTOR = YES;
				GCC_WARN_UNINITIALIZED_AUTOS = YES_AGGRESSIVE;
				GCC_WARN_UNUSED_FUNCTION = YES;
				GCC_WARN_UNUSED_VARIABLE = YES;
				IPHONEOS_DEPLOYMENT_TARGET = 17.4;
				LOCALIZATION_PREFERS_STRING_CATALOGS = YES;
				MTL_ENABLE_DEBUG_INFO = INCLUDE_SOURCE;
				MTL_FAST_MATH = YES;
				ONLY_ACTIVE_ARCH = YES;
				SDKROOT = iphoneos;
				SWIFT_ACTIVE_COMPILATION_CONDITIONS = "DEBUG $(inherited)";
				SWIFT_OPTIMIZATION_LEVEL = "-Onone";
			};
			name = Debug;
		};
		4FFDC44D2CCAB30E007AB026 /* Release */ = {
			isa = XCBuildConfiguration;
			buildSettings = {
				ALWAYS_SEARCH_USER_PATHS = NO;
				ASSETCATALOG_COMPILER_GENERATE_SWIFT_ASSET_SYMBOL_EXTENSIONS = YES;
				CLANG_ANALYZER_NONNULL = YES;
				CLANG_ANALYZER_NUMBER_OBJECT_CONVERSION = YES_AGGRESSIVE;
				CLANG_CXX_LANGUAGE_STANDARD = "gnu++20";
				CLANG_ENABLE_MODULES = YES;
				CLANG_ENABLE_OBJC_ARC = YES;
				CLANG_ENABLE_OBJC_WEAK = YES;
				CLANG_WARN_BLOCK_CAPTURE_AUTORELEASING = YES;
				CLANG_WARN_BOOL_CONVERSION = YES;
				CLANG_WARN_COMMA = YES;
				CLANG_WARN_CONSTANT_CONVERSION = YES;
				CLANG_WARN_DEPRECATED_OBJC_IMPLEMENTATIONS = YES;
				CLANG_WARN_DIRECT_OBJC_ISA_USAGE = YES_ERROR;
				CLANG_WARN_DOCUMENTATION_COMMENTS = YES;
				CLANG_WARN_EMPTY_BODY = YES;
				CLANG_WARN_ENUM_CONVERSION = YES;
				CLANG_WARN_INFINITE_RECURSION = YES;
				CLANG_WARN_INT_CONVERSION = YES;
				CLANG_WARN_NON_LITERAL_NULL_CONVERSION = YES;
				CLANG_WARN_OBJC_IMPLICIT_RETAIN_SELF = YES;
				CLANG_WARN_OBJC_LITERAL_CONVERSION = YES;
				CLANG_WARN_OBJC_ROOT_CLASS = YES_ERROR;
				CLANG_WARN_QUOTED_INCLUDE_IN_FRAMEWORK_HEADER = YES;
				CLANG_WARN_RANGE_LOOP_ANALYSIS = YES;
				CLANG_WARN_STRICT_PROTOTYPES = YES;
				CLANG_WARN_SUSPICIOUS_MOVE = YES;
				CLANG_WARN_UNGUARDED_AVAILABILITY = YES_AGGRESSIVE;
				CLANG_WARN_UNREACHABLE_CODE = YES;
				CLANG_WARN__DUPLICATE_METHOD_MATCH = YES;
				COPY_PHASE_STRIP = NO;
				DEBUG_INFORMATION_FORMAT = "dwarf-with-dsym";
				ENABLE_NS_ASSERTIONS = NO;
				ENABLE_STRICT_OBJC_MSGSEND = YES;
				ENABLE_USER_SCRIPT_SANDBOXING = YES;
				GCC_C_LANGUAGE_STANDARD = gnu17;
				GCC_NO_COMMON_BLOCKS = YES;
				GCC_WARN_64_TO_32_BIT_CONVERSION = YES;
				GCC_WARN_ABOUT_RETURN_TYPE = YES_ERROR;
				GCC_WARN_UNDECLARED_SELECTOR = YES;
				GCC_WARN_UNINITIALIZED_AUTOS = YES_AGGRESSIVE;
				GCC_WARN_UNUSED_FUNCTION = YES;
				GCC_WARN_UNUSED_VARIABLE = YES;
				IPHONEOS_DEPLOYMENT_TARGET = 17.4;
				LOCALIZATION_PREFERS_STRING_CATALOGS = YES;
				MTL_ENABLE_DEBUG_INFO = NO;
				MTL_FAST_MATH = YES;
				SDKROOT = iphoneos;
				SWIFT_COMPILATION_MODE = wholemodule;
				VALIDATE_PRODUCT = YES;
			};
			name = Release;
		};
		4FFDC44F2CCAB30E007AB026 /* Debug */ = {
			isa = XCBuildConfiguration;
			buildSettings = {
				ASSETCATALOG_COMPILER_APPICON_NAME = AppIcon;
				ASSETCATALOG_COMPILER_GLOBAL_ACCENT_COLOR_NAME = AccentColor;
				CODE_SIGN_ENTITLEMENTS = TiltsiTapsi/TiltsiTapsi.entitlements;
				CODE_SIGN_STYLE = Automatic;
				CURRENT_PROJECT_VERSION = 1;
				DEVELOPMENT_TEAM = Z5GK9C4MBD;
				GENERATE_INFOPLIST_FILE = YES;
				INFOPLIST_FILE = TiltsiTapsi/Info.plist;
				INFOPLIST_KEY_UIApplicationSupportsIndirectInputEvents = YES;
				INFOPLIST_KEY_UILaunchStoryboardName = LaunchScreen;
				INFOPLIST_KEY_UIMainStoryboardFile = Main;
				INFOPLIST_KEY_UIStatusBarHidden = NO;
				INFOPLIST_KEY_UISupportedInterfaceOrientations = UIInterfaceOrientationPortrait;
				INFOPLIST_KEY_UISupportedInterfaceOrientations_iPad = "UIInterfaceOrientationLandscapeLeft UIInterfaceOrientationLandscapeRight UIInterfaceOrientationPortrait UIInterfaceOrientationPortraitUpsideDown";
				IPHONEOS_DEPLOYMENT_TARGET = 16.0;
				LD_RUNPATH_SEARCH_PATHS = (
					"$(inherited)",
					"@executable_path/Frameworks",
				);
				MARKETING_VERSION = 1.0;
				PRODUCT_BUNDLE_IDENTIFIER = asd.asdasd.asdasd;
				PRODUCT_NAME = "$(TARGET_NAME)";
				SUPPORTED_PLATFORMS = "iphoneos iphonesimulator";
				SUPPORTS_MACCATALYST = NO;
				SUPPORTS_MAC_DESIGNED_FOR_IPHONE_IPAD = NO;
				SUPPORTS_XR_DESIGNED_FOR_IPHONE_IPAD = NO;
				SWIFT_EMIT_LOC_STRINGS = YES;
				SWIFT_VERSION = 5.0;
				TARGETED_DEVICE_FAMILY = 1;
			};
			name = Debug;
		};
		4FFDC4502CCAB30E007AB026 /* Release */ = {
			isa = XCBuildConfiguration;
			buildSettings = {
				ASSETCATALOG_COMPILER_APPICON_NAME = AppIcon;
				ASSETCATALOG_COMPILER_GLOBAL_ACCENT_COLOR_NAME = AccentColor;
				CODE_SIGN_ENTITLEMENTS = TiltsiTapsi/TiltsiTapsi.entitlements;
				CODE_SIGN_STYLE = Automatic;
				CURRENT_PROJECT_VERSION = 1;
				DEVELOPMENT_TEAM = Z5GK9C4MBD;
				GENERATE_INFOPLIST_FILE = YES;
				INFOPLIST_FILE = TiltsiTapsi/Info.plist;
				INFOPLIST_KEY_UIApplicationSupportsIndirectInputEvents = YES;
				INFOPLIST_KEY_UILaunchStoryboardName = LaunchScreen;
				INFOPLIST_KEY_UIMainStoryboardFile = Main;
				INFOPLIST_KEY_UIStatusBarHidden = NO;
				INFOPLIST_KEY_UISupportedInterfaceOrientations = UIInterfaceOrientationPortrait;
				INFOPLIST_KEY_UISupportedInterfaceOrientations_iPad = "UIInterfaceOrientationLandscapeLeft UIInterfaceOrientationLandscapeRight UIInterfaceOrientationPortrait UIInterfaceOrientationPortraitUpsideDown";
				IPHONEOS_DEPLOYMENT_TARGET = 16.0;
				LD_RUNPATH_SEARCH_PATHS = (
					"$(inherited)",
					"@executable_path/Frameworks",
				);
				MARKETING_VERSION = 1.0;
				PRODUCT_BUNDLE_IDENTIFIER = asd.asdasd.asdasd;
				PRODUCT_NAME = "$(TARGET_NAME)";
				SUPPORTED_PLATFORMS = "iphoneos iphonesimulator";
				SUPPORTS_MACCATALYST = NO;
				SUPPORTS_MAC_DESIGNED_FOR_IPHONE_IPAD = NO;
				SUPPORTS_XR_DESIGNED_FOR_IPHONE_IPAD = NO;
				SWIFT_EMIT_LOC_STRINGS = YES;
				SWIFT_VERSION = 5.0;
				TARGETED_DEVICE_FAMILY = 1;
			};
			name = Release;
		};
/* End XCBuildConfiguration section */

/* Begin XCConfigurationList section */
		4FFDC4322CCAB30C007AB026 /* Build configuration list for PBXProject "TiltsiTapsi" */ = {
			isa = XCConfigurationList;
			buildConfigurations = (
				4FFDC44C2CCAB30E007AB026 /* Debug */,
				4FFDC44D2CCAB30E007AB026 /* Release */,
			);
			defaultConfigurationIsVisible = 0;
			defaultConfigurationName = Release;
		};
		4FFDC44E2CCAB30E007AB026 /* Build configuration list for PBXNativeTarget "TiltsiTapsi" */ = {
			isa = XCConfigurationList;
			buildConfigurations = (
				4FFDC44F2CCAB30E007AB026 /* Debug */,
				4FFDC4502CCAB30E007AB026 /* Release */,
			);
			defaultConfigurationIsVisible = 0;
			defaultConfigurationName = Release;
		};
/* End XCConfigurationList section */
	};
	rootObject = 4FFDC42F2CCAB30C007AB026 /* Project object */;
}
